
Microsoft Visual Studio Solution File, Format Version 12.00
# Visual Studio 15
VisualStudioVersion = 15.0.28010.2041
MinimumVisualStudioVersion = 10.0.40219.1
Project("{FAE04EC0-301F-11D3-BF4B-00C04F79EFBC}") = "TestCoreApi", "TestCoreApi\TestCoreApi.csproj", "{9965D5A1-6FEA-4623-8879-D9FC64BA2D79}"
EndProject
Project("{FAE04EC0-301F-11D3-BF4B-00C04F79EFBC}") = "CoreService", "CoreService\CoreService.csproj", "{BB67A8D0-4FDC-48FF-AA5B-71A3673D8BF1}"
EndProject
Global
	GlobalSection(SolutionConfigurationPlatforms) = preSolution
		Debug|Any CPU = Debug|Any CPU
		Release|Any CPU = Release|Any CPU
	EndGlobalSection
	GlobalSection(ProjectConfigurationPlatforms) = postSolution
		{9965D5A1-6FEA-4623-8879-D9FC64BA2D79}.Debug|Any CPU.ActiveCfg = Debug|Any CPU
		{9965D5A1-6FEA-4623-8879-D9FC64BA2D79}.Debug|Any CPU.Build.0 = Debug|Any CPU
		{9965D5A1-6FEA-4623-8879-D9FC64BA2D79}.Release|Any CPU.ActiveCfg = Release|Any CPU
		{9965D5A1-6FEA-4623-8879-D9FC64BA2D79}.Release|Any CPU.Build.0 = Release|Any CPU
		{BB67A8D0-4FDC-48FF-AA5B-71A3673D8BF1}.Debug|Any CPU.ActiveCfg = Debug|Any CPU
		{BB67A8D0-4FDC-48FF-AA5B-71A3673D8BF1}.Debug|Any CPU.Build.0 = Debug|Any CPU
		{BB67A8D0-4FDC-48FF-AA5B-71A3673D8BF1}.Release|Any CPU.ActiveCfg = Release|Any CPU
		{BB67A8D0-4FDC-48FF-AA5B-71A3673D8BF1}.Release|Any CPU.Build.0 = Release|Any CPU
	EndGlobalSection
	GlobalSection(SolutionProperties) = preSolution
		HideSolutionNode = FALSE
	EndGlobalSection
	GlobalSection(ExtensibilityGlobals) = postSolution
		SolutionGuid = {7798B568-5526-4400-8548-5F96E7B5EDB7}
	EndGlobalSection
EndGlobal
